
Microsoft Visual Studio Solution File, Format Version 12.00
# Visual Studio Version 16
VisualStudioVersion = 16.0.31205.134
MinimumVisualStudioVersion = 10.0.40219.1
Project("{FAE04EC0-301F-11D3-BF4B-00C04F79EFBC}") = "ChatR", "ChatR\ChatR.csproj", "{10A067E8-FEBD-4FA9-9728-F7073F38B1A3}"
EndProject
Project("{FAE04EC0-301F-11D3-BF4B-00C04F79EFBC}") = "ChatClient", "ChatClient\ChatClient.csproj", "{8D58751A-E063-4DFA-983E-BD51DCB2AEBC}"
EndProject
Global
	GlobalSection(SolutionConfigurationPlatforms) = preSolution
		Debug|Any CPU = Debug|Any CPU
		Release|Any CPU = Release|Any CPU
	EndGlobalSection
	GlobalSection(ProjectConfigurationPlatforms) = postSolution
		{10A067E8-FEBD-4FA9-9728-F7073F38B1A3}.Debug|Any CPU.ActiveCfg = Debug|Any CPU
		{10A067E8-FEBD-4FA9-9728-F7073F38B1A3}.Debug|Any CPU.Build.0 = Debug|Any CPU
		{10A067E8-FEBD-4FA9-9728-F7073F38B1A3}.Release|Any CPU.ActiveCfg = Release|Any CPU
		{10A067E8-FEBD-4FA9-9728-F7073F38B1A3}.Release|Any CPU.Build.0 = Release|Any CPU
		{8D58751A-E063-4DFA-983E-BD51DCB2AEBC}.Debug|Any CPU.ActiveCfg = Debug|Any CPU
		{8D58751A-E063-4DFA-983E-BD51DCB2AEBC}.Debug|Any CPU.Build.0 = Debug|Any CPU
		{8D58751A-E063-4DFA-983E-BD51DCB2AEBC}.Release|Any CPU.ActiveCfg = Release|Any CPU
		{8D58751A-E063-4DFA-983E-BD51DCB2AEBC}.Release|Any CPU.Build.0 = Release|Any CPU
	EndGlobalSection
	GlobalSection(SolutionProperties) = preSolution
		HideSolutionNode = FALSE
	EndGlobalSection
	GlobalSection(ExtensibilityGlobals) = postSolution
		SolutionGuid = {B4DD3AAF-8708-4F8D-84EF-22702F323534}
	EndGlobalSection
EndGlobal
